// !$*UTF8*$!
{
	archiveVersion = 1;
	classes = {
	};
	objectVersion = 46;
	objects = {

/* Begin PBXBuildFile section */
		49494CA11B68D91C0061498B /* AppDelegate.swift in Sources */ = {isa = PBXBuildFile; fileRef = 49494CA01B68D91C0061498B /* AppDelegate.swift */; };
		49494CA31B68D91C0061498B /* ViewController.swift in Sources */ = {isa = PBXBuildFile; fileRef = 49494CA21B68D91C0061498B /* ViewController.swift */; };
		49494CA61B68D91C0061498B /* Main.storyboard in Resources */ = {isa = PBXBuildFile; fileRef = 49494CA41B68D91C0061498B /* Main.storyboard */; };
		49494CA81B68D91C0061498B /* Images.xcassets in Resources */ = {isa = PBXBuildFile; fileRef = 49494CA71B68D91C0061498B /* Images.xcassets */; };
		49494CAB1B68D91C0061498B /* LaunchScreen.xib in Resources */ = {isa = PBXBuildFile; fileRef = 49494CA91B68D91C0061498B /* LaunchScreen.xib */; };
		49494CB71B68D91C0061498B /* SwiftSketchTests.swift in Sources */ = {isa = PBXBuildFile; fileRef = 49494CB61B68D91C0061498B /* SwiftSketchTests.swift */; };
		49F5A7301B78815C00ED0A26 /* FeatureA.storyboard in Resources */ = {isa = PBXBuildFile; fileRef = 49F5A72F1B78815C00ED0A26 /* FeatureA.storyboard */; };
		49F5A7351B78873500ED0A26 /* FeatureAEngine.swift in Sources */ = {isa = PBXBuildFile; fileRef = 49F5A7341B78873500ED0A26 /* FeatureAEngine.swift */; };
		49F5A7371B78875100ED0A26 /* FeatureARouter.swift in Sources */ = {isa = PBXBuildFile; fileRef = 49F5A7361B78875100ED0A26 /* FeatureARouter.swift */; };
		49F5A73C1B7887A400ED0A26 /* FeatureASubView.swift in Sources */ = {isa = PBXBuildFile; fileRef = 49F5A73B1B7887A400ED0A26 /* FeatureASubView.swift */; };
		49F5A73E1B7887AE00ED0A26 /* FeatureASubViewModel.swift in Sources */ = {isa = PBXBuildFile; fileRef = 49F5A73D1B7887AE00ED0A26 /* FeatureASubViewModel.swift */; };
		49F5A7411B788CEA00ED0A26 /* FeatureASubViewController.swift in Sources */ = {isa = PBXBuildFile; fileRef = 49F5A7401B788CEA00ED0A26 /* FeatureASubViewController.swift */; };
		A4C419C5645F2CEB9DCCA37F /* libPods-SwiftSketch.a in Frameworks */ = {isa = PBXBuildFile; fileRef = 44AE5378E5ECFB019102DDEA /* libPods-SwiftSketch.a */; };
/* End PBXBuildFile section */

/* Begin PBXContainerItemProxy section */
		49494CB11B68D91C0061498B /* PBXContainerItemProxy */ = {
			isa = PBXContainerItemProxy;
			containerPortal = 49494C931B68D91C0061498B /* Project object */;
			proxyType = 1;
			remoteGlobalIDString = 49494C9A1B68D91C0061498B;
			remoteInfo = SwiftSketch;
		};
/* End PBXContainerItemProxy section */

/* Begin PBXFileReference section */
		03A90683A10E685A0B002D6C /* Pods-SwiftSketch.release.xcconfig */ = {isa = PBXFileReference; includeInIndex = 1; lastKnownFileType = text.xcconfig; name = "Pods-SwiftSketch.release.xcconfig"; path = "Pods/Target Support Files/Pods-SwiftSketch/Pods-SwiftSketch.release.xcconfig"; sourceTree = "<group>"; };
		3CC000F0DB2910F4919A79B8 /* Pods-SwiftSketch.debug.xcconfig */ = {isa = PBXFileReference; includeInIndex = 1; lastKnownFileType = text.xcconfig; name = "Pods-SwiftSketch.debug.xcconfig"; path = "Pods/Target Support Files/Pods-SwiftSketch/Pods-SwiftSketch.debug.xcconfig"; sourceTree = "<group>"; };
		44AE5378E5ECFB019102DDEA /* libPods-SwiftSketch.a */ = {isa = PBXFileReference; explicitFileType = archive.ar; includeInIndex = 0; path = "libPods-SwiftSketch.a"; sourceTree = BUILT_PRODUCTS_DIR; };
		49494C9B1B68D91C0061498B /* SwiftSketch.app */ = {isa = PBXFileReference; explicitFileType = wrapper.application; includeInIndex = 0; path = SwiftSketch.app; sourceTree = BUILT_PRODUCTS_DIR; };
		49494C9F1B68D91C0061498B /* Info.plist */ = {isa = PBXFileReference; lastKnownFileType = text.plist.xml; path = Info.plist; sourceTree = "<group>"; };
		49494CA01B68D91C0061498B /* AppDelegate.swift */ = {isa = PBXFileReference; lastKnownFileType = sourcecode.swift; path = AppDelegate.swift; sourceTree = "<group>"; };
		49494CA21B68D91C0061498B /* ViewController.swift */ = {isa = PBXFileReference; lastKnownFileType = sourcecode.swift; path = ViewController.swift; sourceTree = "<group>"; };
		49494CA51B68D91C0061498B /* Base */ = {isa = PBXFileReference; lastKnownFileType = file.storyboard; name = Base; path = Base.lproj/Main.storyboard; sourceTree = "<group>"; };
		49494CA71B68D91C0061498B /* Images.xcassets */ = {isa = PBXFileReference; lastKnownFileType = folder.assetcatalog; path = Images.xcassets; sourceTree = "<group>"; };
		49494CAA1B68D91C0061498B /* Base */ = {isa = PBXFileReference; lastKnownFileType = file.xib; name = Base; path = Base.lproj/LaunchScreen.xib; sourceTree = "<group>"; };
		49494CB01B68D91C0061498B /* SwiftSketchTests.xctest */ = {isa = PBXFileReference; explicitFileType = wrapper.cfbundle; includeInIndex = 0; path = SwiftSketchTests.xctest; sourceTree = BUILT_PRODUCTS_DIR; };
		49494CB51B68D91C0061498B /* Info.plist */ = {isa = PBXFileReference; lastKnownFileType = text.plist.xml; path = Info.plist; sourceTree = "<group>"; };
		49494CB61B68D91C0061498B /* SwiftSketchTests.swift */ = {isa = PBXFileReference; lastKnownFileType = sourcecode.swift; path = SwiftSketchTests.swift; sourceTree = "<group>"; };
		49F5A72F1B78815C00ED0A26 /* FeatureA.storyboard */ = {isa = PBXFileReference; fileEncoding = 4; lastKnownFileType = file.storyboard; path = FeatureA.storyboard; sourceTree = "<group>"; };
		49F5A7321B7884B600ED0A26 /* Utiilities.playground */ = {isa = PBXFileReference; lastKnownFileType = file.playground; path = Utiilities.playground; sourceTree = "<group>"; };
		49F5A7331B78865300ED0A26 /* Shared.playground */ = {isa = PBXFileReference; lastKnownFileType = file.playground; path = Shared.playground; sourceTree = "<group>"; };
		49F5A7341B78873500ED0A26 /* FeatureAEngine.swift */ = {isa = PBXFileReference; fileEncoding = 4; lastKnownFileType = sourcecode.swift; path = FeatureAEngine.swift; sourceTree = "<group>"; };
		49F5A7361B78875100ED0A26 /* FeatureARouter.swift */ = {isa = PBXFileReference; fileEncoding = 4; lastKnownFileType = sourcecode.swift; path = FeatureARouter.swift; sourceTree = "<group>"; };
		49F5A73B1B7887A400ED0A26 /* FeatureASubView.swift */ = {isa = PBXFileReference; fileEncoding = 4; lastKnownFileType = sourcecode.swift; path = FeatureASubView.swift; sourceTree = "<group>"; };
		49F5A73D1B7887AE00ED0A26 /* FeatureASubViewModel.swift */ = {isa = PBXFileReference; fileEncoding = 4; lastKnownFileType = sourcecode.swift; path = FeatureASubViewModel.swift; sourceTree = "<group>"; };
		49F5A73F1B7887BE00ED0A26 /* Models.playground */ = {isa = PBXFileReference; lastKnownFileType = file.playground; path = Models.playground; sourceTree = "<group>"; };
		49F5A7401B788CEA00ED0A26 /* FeatureASubViewController.swift */ = {isa = PBXFileReference; fileEncoding = 4; lastKnownFileType = sourcecode.swift; path = FeatureASubViewController.swift; sourceTree = "<group>"; };
		49F5A7421B788CFF00ED0A26 /* FeatureA.playground */ = {isa = PBXFileReference; lastKnownFileType = file.playground; path = FeatureA.playground; sourceTree = "<group>"; };
/* End PBXFileReference section */

/* Begin PBXFrameworksBuildPhase section */
		49494C981B68D91C0061498B /* Frameworks */ = {
			isa = PBXFrameworksBuildPhase;
			buildActionMask = 2147483647;
			files = (
				A4C419C5645F2CEB9DCCA37F /* libPods-SwiftSketch.a in Frameworks */,
			);
			runOnlyForDeploymentPostprocessing = 0;
		};
		49494CAD1B68D91C0061498B /* Frameworks */ = {
			isa = PBXFrameworksBuildPhase;
			buildActionMask = 2147483647;
			files = (
			);
			runOnlyForDeploymentPostprocessing = 0;
		};
/* End PBXFrameworksBuildPhase section */

/* Begin PBXGroup section */
		49494C921B68D91C0061498B = {
			isa = PBXGroup;
			children = (
				49494C9D1B68D91C0061498B /* SwiftSketch */,
				49494CB31B68D91C0061498B /* SwiftSketchTests */,
				49494C9C1B68D91C0061498B /* Products */,
				F8E385815158085FDCD1297D /* Pods */,
				E02028BD729E87774EF1900E /* Frameworks */,
			);
			sourceTree = "<group>";
		};
		49494C9C1B68D91C0061498B /* Products */ = {
			isa = PBXGroup;
			children = (
				49494C9B1B68D91C0061498B /* SwiftSketch.app */,
				49494CB01B68D91C0061498B /* SwiftSketchTests.xctest */,
			);
			name = Products;
			sourceTree = "<group>";
		};
		49494C9D1B68D91C0061498B /* SwiftSketch */ = {
			isa = PBXGroup;
			children = (
				49F5A7431B788DEE00ED0A26 /* FeatureHomeAndNav */,
				49F5A7311B78849600ED0A26 /* Utilities */,
				49F5A72D1B7880B200ED0A26 /* Shared */,
				49F5A72B1B787F2F00ED0A26 /* Models */,
				49F5A72A1B787EB300ED0A26 /* FeatureA */,
				49F5A7271B787E1A00ED0A26 /* APIs */,
				49494CA01B68D91C0061498B /* AppDelegate.swift */,
				49494CA21B68D91C0061498B /* ViewController.swift */,
				49494CA41B68D91C0061498B /* Main.storyboard */,
				49494CA71B68D91C0061498B /* Images.xcassets */,
				49494CA91B68D91C0061498B /* LaunchScreen.xib */,
				49494C9E1B68D91C0061498B /* Supporting Files */,
			);
			path = SwiftSketch;
			sourceTree = "<group>";
		};
		49494C9E1B68D91C0061498B /* Supporting Files */ = {
			isa = PBXGroup;
			children = (
				49494C9F1B68D91C0061498B /* Info.plist */,
			);
			name = "Supporting Files";
			sourceTree = "<group>";
		};
		49494CB31B68D91C0061498B /* SwiftSketchTests */ = {
			isa = PBXGroup;
			children = (
				49494CB61B68D91C0061498B /* SwiftSketchTests.swift */,
				49494CB41B68D91C0061498B /* Supporting Files */,
			);
			path = SwiftSketchTests;
			sourceTree = "<group>";
		};
		49494CB41B68D91C0061498B /* Supporting Files */ = {
			isa = PBXGroup;
			children = (
				49494CB51B68D91C0061498B /* Info.plist */,
			);
			name = "Supporting Files";
			sourceTree = "<group>";
		};
		49F5A7271B787E1A00ED0A26 /* APIs */ = {
			isa = PBXGroup;
			children = (
				49F5A7281B787E2300ED0A26 /* FeatureA */,
			);
			path = APIs;
			sourceTree = "<group>";
		};
		49F5A7281B787E2300ED0A26 /* FeatureA */ = {
			isa = PBXGroup;
			children = (
			);
			path = FeatureA;
			sourceTree = "<group>";
		};
		49F5A72A1B787EB300ED0A26 /* FeatureA */ = {
			isa = PBXGroup;
			children = (
				49F5A7381B78876D00ED0A26 /* FeatureASub */,
				49F5A72F1B78815C00ED0A26 /* FeatureA.storyboard */,
				49F5A7341B78873500ED0A26 /* FeatureAEngine.swift */,
				49F5A7361B78875100ED0A26 /* FeatureARouter.swift */,
				49F5A7421B788CFF00ED0A26 /* FeatureA.playground */,
			);
			path = FeatureA;
			sourceTree = "<group>";
		};
		49F5A72B1B787F2F00ED0A26 /* Models */ = {
			isa = PBXGroup;
			children = (
				49F5A72C1B78808400ED0A26 /* FeatureA */,
				49F5A73F1B7887BE00ED0A26 /* Models.playground */,
			);
			path = Models;
			sourceTree = "<group>";
		};
		49F5A72C1B78808400ED0A26 /* FeatureA */ = {
			isa = PBXGroup;
			children = (
			);
			path = FeatureA;
			sourceTree = "<group>";
		};
		49F5A72D1B7880B200ED0A26 /* Shared */ = {
			isa = PBXGroup;
			children = (
				49F5A72E1B78811100ED0A26 /* UIComponents */,
				49F5A7331B78865300ED0A26 /* Shared.playground */,
			);
			path = Shared;
			sourceTree = "<group>";
		};
		49F5A72E1B78811100ED0A26 /* UIComponents */ = {
			isa = PBXGroup;
			children = (
			);
			path = UIComponents;
			sourceTree = "<group>";
		};
		49F5A7311B78849600ED0A26 /* Utilities */ = {
			isa = PBXGroup;
			children = (
				49F5A7321B7884B600ED0A26 /* Utiilities.playground */,
			);
			path = Utilities;
			sourceTree = "<group>";
		};
		49F5A7381B78876D00ED0A26 /* FeatureASub */ = {
			isa = PBXGroup;
			children = (
				49F5A73B1B7887A400ED0A26 /* FeatureASubView.swift */,
				49F5A73D1B7887AE00ED0A26 /* FeatureASubViewModel.swift */,
				49F5A7401B788CEA00ED0A26 /* FeatureASubViewController.swift */,
			);
			path = FeatureASub;
			sourceTree = "<group>";
		};
		49F5A7431B788DEE00ED0A26 /* FeatureHomeAndNav */ = {
			isa = PBXGroup;
			children = (
			);
			path = FeatureHomeAndNav;
			sourceTree = "<group>";
		};
		E02028BD729E87774EF1900E /* Frameworks */ = {
			isa = PBXGroup;
			children = (
				44AE5378E5ECFB019102DDEA /* libPods-SwiftSketch.a */,
			);
			name = Frameworks;
			sourceTree = "<group>";
		};
		F8E385815158085FDCD1297D /* Pods */ = {
			isa = PBXGroup;
			children = (
				3CC000F0DB2910F4919A79B8 /* Pods-SwiftSketch.debug.xcconfig */,
				03A90683A10E685A0B002D6C /* Pods-SwiftSketch.release.xcconfig */,
			);
			name = Pods;
			sourceTree = "<group>";
		};
/* End PBXGroup section */

/* Begin PBXNativeTarget section */
		49494C9A1B68D91C0061498B /* SwiftSketch */ = {
			isa = PBXNativeTarget;
			buildConfigurationList = 49494CBA1B68D91C0061498B /* Build configuration list for PBXNativeTarget "SwiftSketch" */;
			buildPhases = (
				8EDE4C4164C4DDDDCAFA0327 /* Check Pods Manifest.lock */,
				49494C971B68D91C0061498B /* Sources */,
				49494C981B68D91C0061498B /* Frameworks */,
				49494C991B68D91C0061498B /* Resources */,
				A825F461826D0DDDCC449B25 /* Copy Pods Resources */,
			);
			buildRules = (
			);
			dependencies = (
			);
			name = SwiftSketch;
			productName = SwiftSketch;
			productReference = 49494C9B1B68D91C0061498B /* SwiftSketch.app */;
			productType = "com.apple.product-type.application";
		};
		49494CAF1B68D91C0061498B /* SwiftSketchTests */ = {
			isa = PBXNativeTarget;
			buildConfigurationList = 49494CBD1B68D91C0061498B /* Build configuration list for PBXNativeTarget "SwiftSketchTests" */;
			buildPhases = (
				49494CAC1B68D91C0061498B /* Sources */,
				49494CAD1B68D91C0061498B /* Frameworks */,
				49494CAE1B68D91C0061498B /* Resources */,
			);
			buildRules = (
			);
			dependencies = (
				49494CB21B68D91C0061498B /* PBXTargetDependency */,
			);
			name = SwiftSketchTests;
			productName = SwiftSketchTests;
			productReference = 49494CB01B68D91C0061498B /* SwiftSketchTests.xctest */;
			productType = "com.apple.product-type.bundle.unit-test";
		};
/* End PBXNativeTarget section */

/* Begin PBXProject section */
		49494C931B68D91C0061498B /* Project object */ = {
			isa = PBXProject;
			attributes = {
				LastSwiftUpdateCheck = 0700;
				LastUpgradeCheck = 0630;
				ORGANIZATIONNAME = ThoughtWorks;
				TargetAttributes = {
					49494C9A1B68D91C0061498B = {
						CreatedOnToolsVersion = 6.3.1;
					};
					49494CAF1B68D91C0061498B = {
						CreatedOnToolsVersion = 6.3.1;
						TestTargetID = 49494C9A1B68D91C0061498B;
					};
				};
			};
			buildConfigurationList = 49494C961B68D91C0061498B /* Build configuration list for PBXProject "SwiftSketch" */;
			compatibilityVersion = "Xcode 3.2";
			developmentRegion = English;
			hasScannedForEncodings = 0;
			knownRegions = (
				en,
				Base,
			);
			mainGroup = 49494C921B68D91C0061498B;
			productRefGroup = 49494C9C1B68D91C0061498B /* Products */;
			projectDirPath = "";
			projectRoot = "";
			targets = (
				49494C9A1B68D91C0061498B /* SwiftSketch */,
				49494CAF1B68D91C0061498B /* SwiftSketchTests */,
			);
		};
/* End PBXProject section */

/* Begin PBXResourcesBuildPhase section */
		49494C991B68D91C0061498B /* Resources */ = {
			isa = PBXResourcesBuildPhase;
			buildActionMask = 2147483647;
			files = (
				49494CA61B68D91C0061498B /* Main.storyboard in Resources */,
				49494CAB1B68D91C0061498B /* LaunchScreen.xib in Resources */,
				49494CA81B68D91C0061498B /* Images.xcassets in Resources */,
				49F5A7301B78815C00ED0A26 /* FeatureA.storyboard in Resources */,
			);
			runOnlyForDeploymentPostprocessing = 0;
		};
		49494CAE1B68D91C0061498B /* Resources */ = {
			isa = PBXResourcesBuildPhase;
			buildActionMask = 2147483647;
			files = (
			);
			runOnlyForDeploymentPostprocessing = 0;
		};
/* End PBXResourcesBuildPhase section */

/* Begin PBXShellScriptBuildPhase section */
		8EDE4C4164C4DDDDCAFA0327 /* Check Pods Manifest.lock */ = {
			isa = PBXShellScriptBuildPhase;
			buildActionMask = 2147483647;
			files = (
			);
			inputPaths = (
			);
			name = "Check Pods Manifest.lock";
			outputPaths = (
			);
			runOnlyForDeploymentPostprocessing = 0;
			shellPath = /bin/sh;
			shellScript = "diff \"${PODS_ROOT}/../Podfile.lock\" \"${PODS_ROOT}/Manifest.lock\" > /dev/null\nif [[ $? != 0 ]] ; then\n    cat << EOM\nerror: The sandbox is not in sync with the Podfile.lock. Run 'pod install' or update your CocoaPods installation.\nEOM\n    exit 1\nfi\n";
			showEnvVarsInLog = 0;
		};
		A825F461826D0DDDCC449B25 /* Copy Pods Resources */ = {
			isa = PBXShellScriptBuildPhase;
			buildActionMask = 2147483647;
			files = (
			);
			inputPaths = (
			);
			name = "Copy Pods Resources";
			outputPaths = (
			);
			runOnlyForDeploymentPostprocessing = 0;
			shellPath = /bin/sh;
			shellScript = "\"${SRCROOT}/Pods/Target Support Files/Pods-SwiftSketch/Pods-SwiftSketch-resources.sh\"\n";
			showEnvVarsInLog = 0;
		};
/* End PBXShellScriptBuildPhase section */

/* Begin PBXSourcesBuildPhase section */
		49494C971B68D91C0061498B /* Sources */ = {
			isa = PBXSourcesBuildPhase;
			buildActionMask = 2147483647;
			files = (
				49F5A73C1B7887A400ED0A26 /* FeatureASubView.swift in Sources */,
				49F5A7351B78873500ED0A26 /* FeatureAEngine.swift in Sources */,
				49F5A7371B78875100ED0A26 /* FeatureARouter.swift in Sources */,
				49494CA31B68D91C0061498B /* ViewController.swift in Sources */,
				49494CA11B68D91C0061498B /* AppDelegate.swift in Sources */,
				49F5A73E1B7887AE00ED0A26 /* FeatureASubViewModel.swift in Sources */,
				49F5A7411B788CEA00ED0A26 /* FeatureASubViewController.swift in Sources */,
			);
			runOnlyForDeploymentPostprocessing = 0;
		};
		49494CAC1B68D91C0061498B /* Sources */ = {
			isa = PBXSourcesBuildPhase;
			buildActionMask = 2147483647;
			files = (
				49494CB71B68D91C0061498B /* SwiftSketchTests.swift in Sources */,
			);
			runOnlyForDeploymentPostprocessing = 0;
		};
/* End PBXSourcesBuildPhase section */

/* Begin PBXTargetDependency section */
		49494CB21B68D91C0061498B /* PBXTargetDependency */ = {
			isa = PBXTargetDependency;
			target = 49494C9A1B68D91C0061498B /* SwiftSketch */;
			targetProxy = 49494CB11B68D91C0061498B /* PBXContainerItemProxy */;
		};
/* End PBXTargetDependency section */

/* Begin PBXVariantGroup section */
		49494CA41B68D91C0061498B /* Main.storyboard */ = {
			isa = PBXVariantGroup;
			children = (
				49494CA51B68D91C0061498B /* Base */,
			);
			name = Main.storyboard;
			sourceTree = "<group>";
		};
		49494CA91B68D91C0061498B /* LaunchScreen.xib */ = {
			isa = PBXVariantGroup;
			children = (
				49494CAA1B68D91C0061498B /* Base */,
			);
			name = LaunchScreen.xib;
			sourceTree = "<group>";
		};
/* End PBXVariantGroup section */

/* Begin XCBuildConfiguration section */
		49494CB81B68D91C0061498B /* Debug */ = {
			isa = XCBuildConfiguration;
			buildSettings = {
				ALWAYS_SEARCH_USER_PATHS = NO;
				CLANG_CXX_LANGUAGE_STANDARD = "gnu++0x";
				CLANG_CXX_LIBRARY = "libc++";
				CLANG_ENABLE_MODULES = YES;
				CLANG_ENABLE_OBJC_ARC = YES;
				CLANG_WARN_BOOL_CONVERSION = YES;
				CLANG_WARN_CONSTANT_CONVERSION = YES;
				CLANG_WARN_DIRECT_OBJC_ISA_USAGE = YES_ERROR;
				CLANG_WARN_EMPTY_BODY = YES;
				CLANG_WARN_ENUM_CONVERSION = YES;
				CLANG_WARN_INT_CONVERSION = YES;
				CLANG_WARN_OBJC_ROOT_CLASS = YES_ERROR;
				CLANG_WARN_UNREACHABLE_CODE = YES;
				CLANG_WARN__DUPLICATE_METHOD_MATCH = YES;
				"CODE_SIGN_IDENTITY[sdk=iphoneos*]" = "iPhone Developer";
				COPY_PHASE_STRIP = NO;
				DEBUG_INFORMATION_FORMAT = "dwarf-with-dsym";
				ENABLE_STRICT_OBJC_MSGSEND = YES;
				GCC_C_LANGUAGE_STANDARD = gnu99;
				GCC_DYNAMIC_NO_PIC = NO;
				GCC_NO_COMMON_BLOCKS = YES;
				GCC_OPTIMIZATION_LEVEL = 0;
				GCC_PREPROCESSOR_DEFINITIONS = (
					"DEBUG=1",
					"$(inherited)",
				);
				GCC_SYMBOLS_PRIVATE_EXTERN = NO;
				GCC_WARN_64_TO_32_BIT_CONVERSION = YES;
				GCC_WARN_ABOUT_RETURN_TYPE = YES_ERROR;
				GCC_WARN_UNDECLARED_SELECTOR = YES;
				GCC_WARN_UNINITIALIZED_AUTOS = YES_AGGRESSIVE;
				GCC_WARN_UNUSED_FUNCTION = YES;
				GCC_WARN_UNUSED_VARIABLE = YES;
				IPHONEOS_DEPLOYMENT_TARGET = 8.3;
				MTL_ENABLE_DEBUG_INFO = YES;
				ONLY_ACTIVE_ARCH = YES;
				SDKROOT = iphoneos;
				SWIFT_OPTIMIZATION_LEVEL = "-Onone";
				TARGETED_DEVICE_FAMILY = "1,2";
			};
			name = Debug;
		};
		49494CB91B68D91C0061498B /* Release */ = {
			isa = XCBuildConfiguration;
			buildSettings = {
				ALWAYS_SEARCH_USER_PATHS = NO;
				CLANG_CXX_LANGUAGE_STANDARD = "gnu++0x";
				CLANG_CXX_LIBRARY = "libc++";
				CLANG_ENABLE_MODULES = YES;
				CLANG_ENABLE_OBJC_ARC = YES;
				CLANG_WARN_BOOL_CONVERSION = YES;
				CLANG_WARN_CONSTANT_CONVERSION = YES;
				CLANG_WARN_DIRECT_OBJC_ISA_USAGE = YES_ERROR;
				CLANG_WARN_EMPTY_BODY = YES;
				CLANG_WARN_ENUM_CONVERSION = YES;
				CLANG_WARN_INT_CONVERSION = YES;
				CLANG_WARN_OBJC_ROOT_CLASS = YES_ERROR;
				CLANG_WARN_UNREACHABLE_CODE = YES;
				CLANG_WARN__DUPLICATE_METHOD_MATCH = YES;
				"CODE_SIGN_IDENTITY[sdk=iphoneos*]" = "iPhone Developer";
				COPY_PHASE_STRIP = NO;
				DEBUG_INFORMATION_FORMAT = "dwarf-with-dsym";
				ENABLE_NS_ASSERTIONS = NO;
				ENABLE_STRICT_OBJC_MSGSEND = YES;
				GCC_C_LANGUAGE_STANDARD = gnu99;
				GCC_NO_COMMON_BLOCKS = YES;
				GCC_WARN_64_TO_32_BIT_CONVERSION = YES;
				GCC_WARN_ABOUT_RETURN_TYPE = YES_ERROR;
				GCC_WARN_UNDECLARED_SELECTOR = YES;
				GCC_WARN_UNINITIALIZED_AUTOS = YES_AGGRESSIVE;
				GCC_WARN_UNUSED_FUNCTION = YES;
				GCC_WARN_UNUSED_VARIABLE = YES;
				IPHONEOS_DEPLOYMENT_TARGET = 8.3;
				MTL_ENABLE_DEBUG_INFO = NO;
				SDKROOT = iphoneos;
				TARGETED_DEVICE_FAMILY = "1,2";
				VALIDATE_PRODUCT = YES;
			};
			name = Release;
		};
		49494CBB1B68D91C0061498B /* Debug */ = {
			isa = XCBuildConfiguration;
			baseConfigurationReference = 3CC000F0DB2910F4919A79B8 /* Pods-SwiftSketch.debug.xcconfig */;
			buildSettings = {
				ASSETCATALOG_COMPILER_APPICON_NAME = AppIcon;
				ASSETCATALOG_COMPILER_LAUNCHIMAGE_NAME = LaunchImage;
				INFOPLIST_FILE = SwiftSketch/Info.plist;
				LD_RUNPATH_SEARCH_PATHS = "$(inherited) @executable_path/Frameworks";
				PRODUCT_NAME = "$(TARGET_NAME)";
				TARGETED_DEVICE_FAMILY = 1;
			};
			name = Debug;
		};
		49494CBC1B68D91C0061498B /* Release */ = {
			isa = XCBuildConfiguration;
			baseConfigurationReference = 03A90683A10E685A0B002D6C /* Pods-SwiftSketch.release.xcconfig */;
			buildSettings = {
				ASSETCATALOG_COMPILER_APPICON_NAME = AppIcon;
				ASSETCATALOG_COMPILER_LAUNCHIMAGE_NAME = LaunchImage;
				INFOPLIST_FILE = SwiftSketch/Info.plist;
				LD_RUNPATH_SEARCH_PATHS = "$(inherited) @executable_path/Frameworks";
				PRODUCT_NAME = "$(TARGET_NAME)";
				TARGETED_DEVICE_FAMILY = 1;
			};
			name = Release;
		};
		49494CBE1B68D91C0061498B /* Debug */ = {
			isa = XCBuildConfiguration;
			buildSettings = {
				BUNDLE_LOADER = "$(TEST_HOST)";
				FRAMEWORK_SEARCH_PATHS = (
					"$(SDKROOT)/Developer/Library/Frameworks",
					"$(inherited)",
				);
				GCC_PREPROCESSOR_DEFINITIONS = (
					"DEBUG=1",
					"$(inherited)",
				);
				INFOPLIST_FILE = SwiftSketchTests/Info.plist;
				LD_RUNPATH_SEARCH_PATHS = "$(inherited) @executable_path/Frameworks @loader_path/Frameworks";
				PRODUCT_NAME = "$(TARGET_NAME)";
				TEST_HOST = "$(BUILT_PRODUCTS_DIR)/SwiftSketch.app/SwiftSketch";
			};
			name = Debug;
		};
		49494CBF1B68D91C0061498B /* Release */ = {
			isa = XCBuildConfiguration;
			buildSettings = {
				BUNDLE_LOADER = "$(TEST_HOST)";
				FRAMEWORK_SEARCH_PATHS = (
					"$(SDKROOT)/Developer/Library/Frameworks",
					"$(inherited)",
				);
				INFOPLIST_FILE = SwiftSketchTests/Info.plist;
				LD_RUNPATH_SEARCH_PATHS = "$(inherited) @executable_path/Frameworks @loader_path/Frameworks";
				PRODUCT_NAME = "$(TARGET_NAME)";
				TEST_HOST = "$(BUILT_PRODUCTS_DIR)/SwiftSketch.app/SwiftSketch";
			};
			name = Release;
		};
/* End XCBuildConfiguration section */

/* Begin XCConfigurationList section */
		49494C961B68D91C0061498B /* Build configuration list for PBXProject "SwiftSketch" */ = {
			isa = XCConfigurationList;
			buildConfigurations = (
				49494CB81B68D91C0061498B /* Debug */,
				49494CB91B68D91C0061498B /* Release */,
			);
			defaultConfigurationIsVisible = 0;
			defaultConfigurationName = Release;
		};
		49494CBA1B68D91C0061498B /* Build configuration list for PBXNativeTarget "SwiftSketch" */ = {
			isa = XCConfigurationList;
			buildConfigurations = (
				49494CBB1B68D91C0061498B /* Debug */,
				49494CBC1B68D91C0061498B /* Release */,
			);
			defaultConfigurationIsVisible = 0;
			defaultConfigurationName = Release;
		};
		49494CBD1B68D91C0061498B /* Build configuration list for PBXNativeTarget "SwiftSketchTests" */ = {
			isa = XCConfigurationList;
			buildConfigurations = (
				49494CBE1B68D91C0061498B /* Debug */,
				49494CBF1B68D91C0061498B /* Release */,
			);
			defaultConfigurationIsVisible = 0;
			defaultConfigurationName = Release;
		};
/* End XCConfigurationList section */
	};
	rootObject = 49494C931B68D91C0061498B /* Project object */;
}
